
Microsoft Visual Studio Solution File, Format Version 12.00
# Visual Studio Version 16
VisualStudioVersion = 16.0.30002.166
MinimumVisualStudioVersion = 10.0.40219.1
Project("{9A19103F-16F7-4668-BE54-9A1E7A4F7556}") = "Onion.Auth", "Onion.Auth\Onion.Auth.csproj", "{EE428DE6-8A07-4FE0-A86F-E62CDBEE7F44}"
EndProject
Project("{9A19103F-16F7-4668-BE54-9A1E7A4F7556}") = "Onion.API", "Onion.API\Onion.API.csproj", "{0CCA5D1B-2AEF-4468-B950-88529E0CDD23}"
	ProjectSection(ProjectDependencies) = postProject
		{C89B0B13-5B43-4D74-8A45-D98A175427EB} = {C89B0B13-5B43-4D74-8A45-D98A175427EB}
		{E04CB14D-8445-4015-986C-3B691D4E0A37} = {E04CB14D-8445-4015-986C-3B691D4E0A37}
		{54C16D55-0801-44C4-AB96-30C3763A9211} = {54C16D55-0801-44C4-AB96-30C3763A9211}
		{6DFF5AEC-9FB8-4922-B028-4ACA58674899} = {6DFF5AEC-9FB8-4922-B028-4ACA58674899}
	EndProjectSection
EndProject
Project("{9A19103F-16F7-4668-BE54-9A1E7A4F7556}") = "Onion.APITwo", "Onion.APITwo\Onion.APITwo.csproj", "{AF5567A9-9086-49CE-B004-8A72C0319401}"
EndProject
Project("{9A19103F-16F7-4668-BE54-9A1E7A4F7556}") = "Onion.MVCApp", "Onion.MVCApp\Onion.MVCApp.csproj", "{367226F2-402B-426D-92B1-6C75C4538C4E}"
EndProject
Project("{9A19103F-16F7-4668-BE54-9A1E7A4F7556}") = "Onion.Doko", "Onion.Doko\Onion.Doko.csproj", "{A2A2ECDE-929C-4C21-917F-6F1EBFFE0CDA}"
EndProject
Project("{2150E333-8FDC-42A3-9474-1A3956D46DE8}") = "Onion.MVCApplication", "Onion.MVCApplication", "{8E2654FA-84C4-4BB9-96EC-B4D8DE54446B}"
EndProject
Project("{2150E333-8FDC-42A3-9474-1A3956D46DE8}") = "OnionAPIApplication", "OnionAPIApplication", "{C841D201-7C54-4935-89C6-32B3922D05BB}"
EndProject
Project("{9A19103F-16F7-4668-BE54-9A1E7A4F7556}") = "Onion.API.Model", "Onion.API.Model\Onion.API.Model.csproj", "{6DFF5AEC-9FB8-4922-B028-4ACA58674899}"
	ProjectSection(ProjectDependencies) = postProject
		{C89B0B13-5B43-4D74-8A45-D98A175427EB} = {C89B0B13-5B43-4D74-8A45-D98A175427EB}
	EndProjectSection
EndProject
Project("{9A19103F-16F7-4668-BE54-9A1E7A4F7556}") = "Onion.API.Common", "Onion.API.Common\Onion.API.Common.csproj", "{C89B0B13-5B43-4D74-8A45-D98A175427EB}"
EndProject
Project("{9A19103F-16F7-4668-BE54-9A1E7A4F7556}") = "Onion.API.Repository", "Onion.API.Repository\Onion.API.Repository.csproj", "{54C16D55-0801-44C4-AB96-30C3763A9211}"
	ProjectSection(ProjectDependencies) = postProject
		{C89B0B13-5B43-4D74-8A45-D98A175427EB} = {C89B0B13-5B43-4D74-8A45-D98A175427EB}
		{6DFF5AEC-9FB8-4922-B028-4ACA58674899} = {6DFF5AEC-9FB8-4922-B028-4ACA58674899}
	EndProjectSection
EndProject
Project("{9A19103F-16F7-4668-BE54-9A1E7A4F7556}") = "Onion.API.Services", "Onion.API.Services\Onion.API.Services.csproj", "{E04CB14D-8445-4015-986C-3B691D4E0A37}"
	ProjectSection(ProjectDependencies) = postProject
		{C89B0B13-5B43-4D74-8A45-D98A175427EB} = {C89B0B13-5B43-4D74-8A45-D98A175427EB}
		{54C16D55-0801-44C4-AB96-30C3763A9211} = {54C16D55-0801-44C4-AB96-30C3763A9211}
		{6DFF5AEC-9FB8-4922-B028-4ACA58674899} = {6DFF5AEC-9FB8-4922-B028-4ACA58674899}
	EndProjectSection
EndProject
Global
	GlobalSection(SolutionConfigurationPlatforms) = preSolution
		Debug|Any CPU = Debug|Any CPU
		Release|Any CPU = Release|Any CPU
	EndGlobalSection
	GlobalSection(ProjectConfigurationPlatforms) = postSolution
		{EE428DE6-8A07-4FE0-A86F-E62CDBEE7F44}.Debug|Any CPU.ActiveCfg = Debug|Any CPU
		{EE428DE6-8A07-4FE0-A86F-E62CDBEE7F44}.Debug|Any CPU.Build.0 = Debug|Any CPU
		{EE428DE6-8A07-4FE0-A86F-E62CDBEE7F44}.Release|Any CPU.ActiveCfg = Release|Any CPU
		{EE428DE6-8A07-4FE0-A86F-E62CDBEE7F44}.Release|Any CPU.Build.0 = Release|Any CPU
		{0CCA5D1B-2AEF-4468-B950-88529E0CDD23}.Debug|Any CPU.ActiveCfg = Debug|Any CPU
		{0CCA5D1B-2AEF-4468-B950-88529E0CDD23}.Debug|Any CPU.Build.0 = Debug|Any CPU
		{0CCA5D1B-2AEF-4468-B950-88529E0CDD23}.Release|Any CPU.ActiveCfg = Release|Any CPU
		{0CCA5D1B-2AEF-4468-B950-88529E0CDD23}.Release|Any CPU.Build.0 = Release|Any CPU
		{AF5567A9-9086-49CE-B004-8A72C0319401}.Debug|Any CPU.ActiveCfg = Debug|Any CPU
		{AF5567A9-9086-49CE-B004-8A72C0319401}.Debug|Any CPU.Build.0 = Debug|Any CPU
		{AF5567A9-9086-49CE-B004-8A72C0319401}.Release|Any CPU.ActiveCfg = Release|Any CPU
		{AF5567A9-9086-49CE-B004-8A72C0319401}.Release|Any CPU.Build.0 = Release|Any CPU
		{367226F2-402B-426D-92B1-6C75C4538C4E}.Debug|Any CPU.ActiveCfg = Debug|Any CPU
		{367226F2-402B-426D-92B1-6C75C4538C4E}.Debug|Any CPU.Build.0 = Debug|Any CPU
		{367226F2-402B-426D-92B1-6C75C4538C4E}.Release|Any CPU.ActiveCfg = Release|Any CPU
		{367226F2-402B-426D-92B1-6C75C4538C4E}.Release|Any CPU.Build.0 = Release|Any CPU
		{A2A2ECDE-929C-4C21-917F-6F1EBFFE0CDA}.Debug|Any CPU.ActiveCfg = Debug|Any CPU
		{A2A2ECDE-929C-4C21-917F-6F1EBFFE0CDA}.Debug|Any CPU.Build.0 = Debug|Any CPU
		{A2A2ECDE-929C-4C21-917F-6F1EBFFE0CDA}.Release|Any CPU.ActiveCfg = Release|Any CPU
		{A2A2ECDE-929C-4C21-917F-6F1EBFFE0CDA}.Release|Any CPU.Build.0 = Release|Any CPU
		{6DFF5AEC-9FB8-4922-B028-4ACA58674899}.Debug|Any CPU.ActiveCfg = Debug|Any CPU
		{6DFF5AEC-9FB8-4922-B028-4ACA58674899}.Debug|Any CPU.Build.0 = Debug|Any CPU
		{6DFF5AEC-9FB8-4922-B028-4ACA58674899}.Release|Any CPU.ActiveCfg = Release|Any CPU
		{6DFF5AEC-9FB8-4922-B028-4ACA58674899}.Release|Any CPU.Build.0 = Release|Any CPU
		{C89B0B13-5B43-4D74-8A45-D98A175427EB}.Debug|Any CPU.ActiveCfg = Debug|Any CPU
		{C89B0B13-5B43-4D74-8A45-D98A175427EB}.Debug|Any CPU.Build.0 = Debug|Any CPU
		{C89B0B13-5B43-4D74-8A45-D98A175427EB}.Release|Any CPU.ActiveCfg = Release|Any CPU
		{C89B0B13-5B43-4D74-8A45-D98A175427EB}.Release|Any CPU.Build.0 = Release|Any CPU
		{54C16D55-0801-44C4-AB96-30C3763A9211}.Debug|Any CPU.ActiveCfg = Debug|Any CPU
		{54C16D55-0801-44C4-AB96-30C3763A9211}.Debug|Any CPU.Build.0 = Debug|Any CPU
		{54C16D55-0801-44C4-AB96-30C3763A9211}.Release|Any CPU.ActiveCfg = Release|Any CPU
		{54C16D55-0801-44C4-AB96-30C3763A9211}.Release|Any CPU.Build.0 = Release|Any CPU
		{E04CB14D-8445-4015-986C-3B691D4E0A37}.Debug|Any CPU.ActiveCfg = Debug|Any CPU
		{E04CB14D-8445-4015-986C-3B691D4E0A37}.Debug|Any CPU.Build.0 = Debug|Any CPU
		{E04CB14D-8445-4015-986C-3B691D4E0A37}.Release|Any CPU.ActiveCfg = Release|Any CPU
		{E04CB14D-8445-4015-986C-3B691D4E0A37}.Release|Any CPU.Build.0 = Release|Any CPU
	EndGlobalSection
	GlobalSection(SolutionProperties) = preSolution
		HideSolutionNode = FALSE
	EndGlobalSection
	GlobalSection(NestedProjects) = preSolution
		{0CCA5D1B-2AEF-4468-B950-88529E0CDD23} = {C841D201-7C54-4935-89C6-32B3922D05BB}
		{367226F2-402B-426D-92B1-6C75C4538C4E} = {8E2654FA-84C4-4BB9-96EC-B4D8DE54446B}
		{6DFF5AEC-9FB8-4922-B028-4ACA58674899} = {C841D201-7C54-4935-89C6-32B3922D05BB}
		{C89B0B13-5B43-4D74-8A45-D98A175427EB} = {C841D201-7C54-4935-89C6-32B3922D05BB}
		{54C16D55-0801-44C4-AB96-30C3763A9211} = {C841D201-7C54-4935-89C6-32B3922D05BB}
		{E04CB14D-8445-4015-986C-3B691D4E0A37} = {C841D201-7C54-4935-89C6-32B3922D05BB}
	EndGlobalSection
	GlobalSection(ExtensibilityGlobals) = postSolution
		SolutionGuid = {D144E5C1-ADD3-4871-80AA-0F6D37B292E5}
	EndGlobalSection
EndGlobal
